
Microsoft Visual Studio Solution File, Format Version 12.00
# Visual Studio Version 16
VisualStudioVersion = 16.0.30114.105
MinimumVisualStudioVersion = 10.0.40219.1
Project("{FAE04EC0-301F-11D3-BF4B-00C04F79EFBC}") = "LogGrapher", "LogGrapher\LogGrapher.csproj", "{4E988E96-24C1-4016-9B63-12F164EEE31E}"
EndProject
Global
	GlobalSection(SolutionConfigurationPlatforms) = preSolution
		Debug|Any CPU = Debug|Any CPU
		Release|Any CPU = Release|Any CPU
	EndGlobalSection
	GlobalSection(ProjectConfigurationPlatforms) = postSolution
		{4E988E96-24C1-4016-9B63-12F164EEE31E}.Debug|Any CPU.ActiveCfg = Debug|Any CPU
		{4E988E96-24C1-4016-9B63-12F164EEE31E}.Debug|Any CPU.Build.0 = Debug|Any CPU
		{4E988E96-24C1-4016-9B63-12F164EEE31E}.Release|Any CPU.ActiveCfg = Release|Any CPU
		{4E988E96-24C1-4016-9B63-12F164EEE31E}.Release|Any CPU.Build.0 = Release|Any CPU
	EndGlobalSection
	GlobalSection(SolutionProperties) = preSolution
		HideSolutionNode = FALSE
	EndGlobalSection
	GlobalSection(ExtensibilityGlobals) = postSolution
		SolutionGuid = {35C5EFC0-E752-4123-834B-8D2E327B2DCF}
	EndGlobalSection
EndGlobal
